
Microsoft Visual Studio Solution File, Format Version 12.00
# Visual Studio Version 16
VisualStudioVersion = 16.0.32228.343
MinimumVisualStudioVersion = 10.0.40219.1
Project("{9A19103F-16F7-4668-BE54-9A1E7A4F7556}") = "MediatR2", "MediatR2.csproj", "{D7E94526-0D48-4F1E-9690-FB125EBBCB11}"
EndProject
Project("{9A19103F-16F7-4668-BE54-9A1E7A4F7556}") = "DataLibrary", "..\DataLibrary\DataLibrary.csproj", "{5A8AFDCE-60C8-4E63-84E4-4745383F8FAC}"
EndProject
Global
	GlobalSection(SolutionConfigurationPlatforms) = preSolution
		Debug|Any CPU = Debug|Any CPU
		Release|Any CPU = Release|Any CPU
	EndGlobalSection
	GlobalSection(ProjectConfigurationPlatforms) = postSolution
		{D7E94526-0D48-4F1E-9690-FB125EBBCB11}.Debug|Any CPU.ActiveCfg = Debug|Any CPU
		{D7E94526-0D48-4F1E-9690-FB125EBBCB11}.Debug|Any CPU.Build.0 = Debug|Any CPU
		{D7E94526-0D48-4F1E-9690-FB125EBBCB11}.Release|Any CPU.ActiveCfg = Release|Any CPU
		{D7E94526-0D48-4F1E-9690-FB125EBBCB11}.Release|Any CPU.Build.0 = Release|Any CPU
		{5A8AFDCE-60C8-4E63-84E4-4745383F8FAC}.Debug|Any CPU.ActiveCfg = Debug|Any CPU
		{5A8AFDCE-60C8-4E63-84E4-4745383F8FAC}.Debug|Any CPU.Build.0 = Debug|Any CPU
		{5A8AFDCE-60C8-4E63-84E4-4745383F8FAC}.Release|Any CPU.ActiveCfg = Release|Any CPU
		{5A8AFDCE-60C8-4E63-84E4-4745383F8FAC}.Release|Any CPU.Build.0 = Release|Any CPU
	EndGlobalSection
	GlobalSection(SolutionProperties) = preSolution
		HideSolutionNode = FALSE
	EndGlobalSection
	GlobalSection(ExtensibilityGlobals) = postSolution
		SolutionGuid = {8250AC47-DC5F-4BC0-A32A-EFE20AE827C3}
	EndGlobalSection
EndGlobal
